{
  "requires": true,
  "lockfileVersion": 1,
  "dependencies": {
    "unpoly": {
      "version": "2.5.0",
      "resolved": "https://registry.npmjs.org/unpoly/-/unpoly-2.5.0.tgz",
      "integrity": "sha512-VpA2O0nDE6CaAsXciF798qeYShhx76IbocTXiA1g0kVT9zjO4rxnJOZZzypoLHeK2m9HdB/SSPsPwt0+86fAUA=="
    }
  }
}
